<?xml version="1.0" encoding="utf-8"?>
<Project ToolsVersion="4.0" xmlns="http://schemas.microsoft.com/developer/msbuild/2003">
  <ItemGroup>
    <Filter Include="Source Files">
      <UniqueIdentifier>{4FC737F1-C7A5-4376-A066-2A32D752A2FF}</UniqueIdentifier>
      <Extensions>cpp;c;cc;cxx;c++;cppm;ixx;def;odl;idl;hpj;bat;asm;asmx</Extensions>
    </Filter>
    <Filter Include="Header Files">
      <UniqueIdentifier>{93995380-89BD-4b04-88EB-625FBE52EBFB}</UniqueIdentifier>
      <Extensions>h;hh;hpp;hxx;h++;hm;inl;inc;ipp;xsd</Extensions>
    </Filter>
    <Filter Include="Resource Files">
      <UniqueIdentifier>{67DA6AB6-F800-4c08-8B7A-83BB121AAD01}</UniqueIdentifier>
      <Extensions>rc;ico;cur;bmp;dlg;rc2;rct;bin;rgs;gif;jpg;jpeg;jpe;resx;tiff;tif;png;wav;mfcribbon-ms</Extensions>
    </Filter>
    <Filter Include="Header Files\World">
      <UniqueIdentifier>{98ca2d6c-3fa8-435f-a229-587461aa4afe}</UniqueIdentifier>
    </Filter>
    <Filter Include="Source Files\World">
      <UniqueIdentifier>{d1573121-c870-4a17-88f7-8f47529a2d5d}</UniqueIdentifier>
    </Filter>
    <Filter Include="Header Files\Entities">
      <UniqueIdentifier>{9425e397-77ea-4fea-a4b4-b9335fafafb0}</UniqueIdentifier>
    </Filter>
    <Filter Include="Header Files\Entities\Enemies">
      <UniqueIdentifier>{2d4dc283-68d2-4cc9-9959-ed4f35dc67d6}</UniqueIdentifier>
    </Filter>
    <Filter Include="Source Files\Entities">
      <UniqueIdentifier>{c36d4ac5-069b-4f85-b0a1-f0bb13b6efa1}</UniqueIdentifier>
    </Filter>
    <Filter Include="Source Files\Entities\Enemies">
      <UniqueIdentifier>{86eb0698-3a22-49e3-998b-9871017d3a9d}</UniqueIdentifier>
    </Filter>
    <Filter Include="Header Files\Entities\Player">
      <UniqueIdentifier>{51493396-a20e-4b1a-9888-db87a8322d4d}</UniqueIdentifier>
    </Filter>
    <Filter Include="Header Files\Projectiles and Abilities">
      <UniqueIdentifier>{dbf33952-8a84-4ae5-8421-33b7a64e99e4}</UniqueIdentifier>
    </Filter>
    <Filter Include="Header Files\Managers">
      <UniqueIdentifier>{bd32b728-d9a6-4c49-98b4-b53c7ee79730}</UniqueIdentifier>
    </Filter>
    <Filter Include="Source Files\Projectiles and Abilities">
      <UniqueIdentifier>{9a9149f2-c353-4c48-be87-739484ad215b}</UniqueIdentifier>
    </Filter>
    <Filter Include="Source Files\Managers">
      <UniqueIdentifier>{379221f3-4f7c-4dfa-9b4f-0a3b3be17759}</UniqueIdentifier>
    </Filter>
    <Filter Include="Source Files\Projectiles and Abilities\Abilities">
      <UniqueIdentifier>{0244e6d5-fb69-42af-aee7-c1c277ab7dbe}</UniqueIdentifier>
    </Filter>
    <Filter Include="Source Files\Projectiles and Abilities\Projectiles">
      <UniqueIdentifier>{9e10c689-db06-4cfe-a2a3-f5a51e104f09}</UniqueIdentifier>
    </Filter>
  </ItemGroup>
  <ItemGroup>
    <ClCompile Include="Game.cpp">
      <Filter>Source Files</Filter>
    </ClCompile>
    <ClCompile Include="main.cpp">
      <Filter>Source Files</Filter>
    </ClCompile>
    <ClCompile Include="pch.cpp">
      <Filter>Source Files</Filter>
    </ClCompile>
    <ClCompile Include="BrontoBurt.cpp">
      <Filter>Source Files\Entities\Enemies</Filter>
    </ClCompile>
    <ClCompile Include="Enemy.cpp">
      <Filter>Source Files\Entities\Enemies</Filter>
    </ClCompile>
    <ClCompile Include="WaddleDee.cpp">
      <Filter>Source Files\Entities\Enemies</Filter>
    </ClCompile>
    <ClCompile Include="Camera.cpp">
      <Filter>Source Files\World</Filter>
    </ClCompile>
    <ClCompile Include="Level.cpp">
      <Filter>Source Files\World</Filter>
    </ClCompile>
    <ClCompile Include="Entity.cpp">
      <Filter>Source Files\Entities</Filter>
    </ClCompile>
    <ClCompile Include="Kirby.cpp">
      <Filter>Source Files\Entities</Filter>
    </ClCompile>
    <ClCompile Include="WaddleDoo.cpp">
      <Filter>Source Files\Entities\Enemies</Filter>
    </ClCompile>
    <ClCompile Include="Sparky.cpp">
      <Filter>Source Files\Entities\Enemies</Filter>
    </ClCompile>
    <ClCompile Include="HotHead.cpp">
      <Filter>Source Files\Entities\Enemies</Filter>
    </ClCompile>
    <ClCompile Include="EnemyManager.cpp">
      <Filter>Source Files\Managers</Filter>
    </ClCompile>
    <ClCompile Include="TextureManager.cpp">
      <Filter>Source Files\Managers</Filter>
    </ClCompile>
    <ClCompile Include="Collision.cpp">
      <Filter>Source Files\World</Filter>
    </ClCompile>
    <ClCompile Include="HUD.cpp">
      <Filter>Source Files\World</Filter>
    </ClCompile>
    <ClCompile Include="SoundManager.cpp">
      <Filter>Source Files\Managers</Filter>
    </ClCompile>
    <ClCompile Include="Animation.cpp">
      <Filter>Source Files\World</Filter>
    </ClCompile>
    <ClCompile Include="AnimationManager.cpp">
      <Filter>Source Files\Managers</Filter>
    </ClCompile>
    <ClCompile Include="Ability.cpp">
      <Filter>Source Files\Projectiles and Abilities\Abilities</Filter>
    </ClCompile>
    <ClCompile Include="Beam.cpp">
      <Filter>Source Files\Projectiles and Abilities\Abilities</Filter>
    </ClCompile>
    <ClCompile Include="BeamProjectile.cpp">
      <Filter>Source Files\Projectiles and Abilities\Projectiles</Filter>
    </ClCompile>
    <ClCompile Include="Fire.cpp">
      <Filter>Source Files\Projectiles and Abilities\Abilities</Filter>
    </ClCompile>
    <ClCompile Include="Fireball.cpp">
      <Filter>Source Files\Projectiles and Abilities\Projectiles</Filter>
    </ClCompile>
    <ClCompile Include="FireProjectile.cpp">
      <Filter>Source Files\Projectiles and Abilities\Projectiles</Filter>
    </ClCompile>
    <ClCompile Include="Projectile.cpp">
      <Filter>Source Files\Projectiles and Abilities\Projectiles</Filter>
    </ClCompile>
    <ClCompile Include="Puff.cpp">
      <Filter>Source Files\Projectiles and Abilities\Projectiles</Filter>
    </ClCompile>
    <ClCompile Include="Spark.cpp">
      <Filter>Source Files\Projectiles and Abilities\Abilities</Filter>
    </ClCompile>
    <ClCompile Include="SparkProjectile.cpp">
      <Filter>Source Files\Projectiles and Abilities\Projectiles</Filter>
    </ClCompile>
    <ClCompile Include="StarProjectile.cpp">
      <Filter>Source Files\Projectiles and Abilities\Projectiles</Filter>
    </ClCompile>
    <ClCompile Include="PoppyBrosJr.cpp">
      <Filter>Source Files\Entities\Enemies</Filter>
    </ClCompile>
    <ClCompile Include="Star.cpp">
      <Filter>Source Files\Projectiles and Abilities\Projectiles</Filter>
    </ClCompile>
    <ClCompile Include="LevelManager.cpp">
      <Filter>Source Files\Managers</Filter>
    </ClCompile>
  </ItemGroup>
  <ItemGroup>
    <ClInclude Include="Game.h">
      <Filter>Header Files</Filter>
    </ClInclude>
    <ClInclude Include="pch.h">
      <Filter>Header Files</Filter>
    </ClInclude>
    <ClInclude Include="BrontoBurt.h">
      <Filter>Header Files\Entities\Enemies</Filter>
    </ClInclude>
    <ClInclude Include="WaddleDee.h">
      <Filter>Header Files\Entities\Enemies</Filter>
    </ClInclude>
    <ClInclude Include="Enemy.h">
      <Filter>Header Files\Entities\Enemies</Filter>
    </ClInclude>
    <ClInclude Include="Camera.h">
      <Filter>Header Files\World</Filter>
    </ClInclude>
    <ClInclude Include="Level.h">
      <Filter>Header Files\World</Filter>
    </ClInclude>
    <ClInclude Include="resource.h">
      <Filter>Header Files</Filter>
    </ClInclude>
    <ClInclude Include="Entity.h">
      <Filter>Header Files\Entities</Filter>
    </ClInclude>
    <ClInclude Include="WaddleDoo.h">
      <Filter>Header Files\Entities\Enemies</Filter>
    </ClInclude>
    <ClInclude Include="HotHead.h">
      <Filter>Header Files\Entities\Enemies</Filter>
    </ClInclude>
    <ClInclude Include="Sparky.h">
      <Filter>Header Files\Entities\Enemies</Filter>
    </ClInclude>
    <ClInclude Include="Kirby.h">
      <Filter>Header Files\Entities\Player</Filter>
    </ClInclude>
    <ClInclude Include="Projectile.h">
      <Filter>Header Files\Projectiles and Abilities</Filter>
    </ClInclude>
    <ClInclude Include="Puff.h">
      <Filter>Header Files\Projectiles and Abilities</Filter>
    </ClInclude>
    <ClInclude Include="StarProjectile.h">
      <Filter>Header Files\Projectiles and Abilities</Filter>
    </ClInclude>
    <ClInclude Include="Beam.h">
      <Filter>Header Files\Projectiles and Abilities</Filter>
    </ClInclude>
    <ClInclude Include="Ability.h">
      <Filter>Header Files\Projectiles and Abilities</Filter>
    </ClInclude>
    <ClInclude Include="BeamProjectile.h">
      <Filter>Header Files\Projectiles and Abilities</Filter>
    </ClInclude>
    <ClInclude Include="TextureManager.h">
      <Filter>Header Files\Managers</Filter>
    </ClInclude>
    <ClInclude Include="EnemyManager.h">
      <Filter>Header Files\Managers</Filter>
    </ClInclude>
    <ClInclude Include="HUD.h">
      <Filter>Header Files\World</Filter>
    </ClInclude>
    <ClInclude Include="Collision.h">
      <Filter>Header Files\World</Filter>
    </ClInclude>
    <ClInclude Include="Fire.h">
      <Filter>Header Files\Projectiles and Abilities</Filter>
    </ClInclude>
    <ClInclude Include="SparkProjectile.h">
      <Filter>Header Files\Projectiles and Abilities</Filter>
    </ClInclude>
    <ClInclude Include="Spark.h">
      <Filter>Header Files\Projectiles and Abilities</Filter>
    </ClInclude>
    <ClInclude Include="FireProjectile.h">
      <Filter>Header Files\Projectiles and Abilities</Filter>
    </ClInclude>
    <ClInclude Include="SoundManager.h">
      <Filter>Header Files\Managers</Filter>
    </ClInclude>
    <ClInclude Include="Fireball.h">
      <Filter>Header Files\Projectiles and Abilities</Filter>
    </ClInclude>
    <ClInclude Include="AnimationManager.h">
      <Filter>Header Files\Managers</Filter>
    </ClInclude>
    <ClInclude Include="Animation.h">
      <Filter>Header Files\World</Filter>
    </ClInclude>
    <ClInclude Include="Direction.h">
      <Filter>Header Files\World</Filter>
    </ClInclude>
    <ClInclude Include="PoppyBrosJr.h">
      <Filter>Header Files\Entities\Enemies</Filter>
    </ClInclude>
    <ClInclude Include="Star.h">
      <Filter>Header Files\Projectiles and Abilities</Filter>
    </ClInclude>
    <ClInclude Include="LevelManager.h">
      <Filter>Header Files\Managers</Filter>
    </ClInclude>
  </ItemGroup>
  <ItemGroup>
    <ResourceCompile Include="GameProject.rc">
      <Filter>Resource Files</Filter>
    </ResourceCompile>
  </ItemGroup>
  <ItemGroup>
    <None Include="ClassDiagram.cd" />
  </ItemGroup>
</Project>